hash: 436d2a990a0e9e0e219a1d9d82ef166f7b97ee625f699d07fe70fffa6cf30fcf
updated: 2017-01-24T15:14:42.703840722+09:00
imports:
- name: github.com/mattn/natural
  version: 6b2ca5c8eb9a3bbc5a04c30324d87879a92067e9
- name: github.com/minodisk/go-nvim
  version: b9c100d07c2fcf1c692c3ce47f5076e53467a95c
  subpackages:
  - buffer
  - nvim
  - window
- name: github.com/minodisk/go-tree
  version: efccd781e33c66f8a24b35fc4d146c343b872244
- name: github.com/neovim/go-client
  version: b4d0001757af5980b20bf246e900b9b0976a0a00
  subpackages:
  - msgpack
  - msgpack/rpc
  - nvim
  - nvim/plugin
- name: github.com/skratchdot/open-golang
  version: 75fb7ed4208cf72d323d7d02fd1a5964a7a9073c
  subpackages:
  - open
- name: github.com/termie/go-shutil
  version: bcacb06fecaeec8dc42af03c87c6949f4a05c74c
testImports: []
